
Microsoft Visual Studio Solution File, Format Version 12.00
# Visual Studio Version 17
VisualStudioVersion = 17.3.32825.248
MinimumVisualStudioVersion = 10.0.40219.1
Project("{FAE04EC0-301F-11D3-BF4B-00C04F79EFBC}") = "AzureStorageBlob", "AzureStorage\AzureStorageBlob.csproj", "{FA8AC655-9D0C-40B4-B4B7-62D3D8C1D601}"
EndProject
Project("{FAE04EC0-301F-11D3-BF4B-00C04F79EFBC}") = "AzureStorageTable", "AzureStorageTable\AzureStorageTable.csproj", "{8FA9D47E-00B2-4D35-974E-589FE9727340}"
EndProject
Global
	GlobalSection(SolutionConfigurationPlatforms) = preSolution
		Debug|Any CPU = Debug|Any CPU
		Release|Any CPU = Release|Any CPU
	EndGlobalSection
	GlobalSection(ProjectConfigurationPlatforms) = postSolution
		{FA8AC655-9D0C-40B4-B4B7-62D3D8C1D601}.Debug|Any CPU.ActiveCfg = Debug|Any CPU
		{FA8AC655-9D0C-40B4-B4B7-62D3D8C1D601}.Debug|Any CPU.Build.0 = Debug|Any CPU
		{FA8AC655-9D0C-40B4-B4B7-62D3D8C1D601}.Release|Any CPU.ActiveCfg = Release|Any CPU
		{FA8AC655-9D0C-40B4-B4B7-62D3D8C1D601}.Release|Any CPU.Build.0 = Release|Any CPU
		{8FA9D47E-00B2-4D35-974E-589FE9727340}.Debug|Any CPU.ActiveCfg = Debug|Any CPU
		{8FA9D47E-00B2-4D35-974E-589FE9727340}.Debug|Any CPU.Build.0 = Debug|Any CPU
		{8FA9D47E-00B2-4D35-974E-589FE9727340}.Release|Any CPU.ActiveCfg = Release|Any CPU
		{8FA9D47E-00B2-4D35-974E-589FE9727340}.Release|Any CPU.Build.0 = Release|Any CPU
	EndGlobalSection
	GlobalSection(SolutionProperties) = preSolution
		HideSolutionNode = FALSE
	EndGlobalSection
	GlobalSection(ExtensibilityGlobals) = postSolution
		SolutionGuid = {047854DA-ACF8-4BC7-821A-C74EFFE3A511}
	EndGlobalSection
EndGlobal
